
Microsoft Visual Studio Solution File, Format Version 12.00
# Visual Studio Version 16
VisualStudioVersion = 16.0.30320.27
MinimumVisualStudioVersion = 10.0.40219.1
Project("{FAE04EC0-301F-11D3-BF4B-00C04F79EFBC}") = "JustePrix", "JustePrix\JustePrix.csproj", "{A0BA50BC-EC01-4FC4-8AB3-FEE3E0F8E9C5}"
EndProject
Global
	GlobalSection(SolutionConfigurationPlatforms) = preSolution
		Debug|Any CPU = Debug|Any CPU
		Release|Any CPU = Release|Any CPU
	EndGlobalSection
	GlobalSection(ProjectConfigurationPlatforms) = postSolution
		{A0BA50BC-EC01-4FC4-8AB3-FEE3E0F8E9C5}.Debug|Any CPU.ActiveCfg = Debug|Any CPU
		{A0BA50BC-EC01-4FC4-8AB3-FEE3E0F8E9C5}.Debug|Any CPU.Build.0 = Debug|Any CPU
		{A0BA50BC-EC01-4FC4-8AB3-FEE3E0F8E9C5}.Release|Any CPU.ActiveCfg = Release|Any CPU
		{A0BA50BC-EC01-4FC4-8AB3-FEE3E0F8E9C5}.Release|Any CPU.Build.0 = Release|Any CPU
	EndGlobalSection
	GlobalSection(SolutionProperties) = preSolution
		HideSolutionNode = FALSE
	EndGlobalSection
	GlobalSection(ExtensibilityGlobals) = postSolution
		SolutionGuid = {18D69C81-E115-40C8-B18A-4D8CFC7C0268}
	EndGlobalSection
EndGlobal
